
Microsoft Visual Studio Solution File, Format Version 12.00
# Visual Studio Version 17
VisualStudioVersion = 17.10.35122.118
MinimumVisualStudioVersion = 10.0.40219.1
Project("{9A19103F-16F7-4668-BE54-9A1E7A4F7556}") = "WinFormsApp1", "WinFormsApp1\WinFormsApp1.csproj", "{2DA27449-5A4B-44C8-B464-D75AC4438A39}"
EndProject
Project("{9A19103F-16F7-4668-BE54-9A1E7A4F7556}") = "WinformLib", "WinformLib\WinformLib.csproj", "{2D24ED1D-403D-4989-80EE-FCBE0D166264}"
EndProject
Global
	GlobalSection(SolutionConfigurationPlatforms) = preSolution
		Debug|Any CPU = Debug|Any CPU
		Release|Any CPU = Release|Any CPU
	EndGlobalSection
	GlobalSection(ProjectConfigurationPlatforms) = postSolution
		{2DA27449-5A4B-44C8-B464-D75AC4438A39}.Debug|Any CPU.ActiveCfg = Debug|Any CPU
		{2DA27449-5A4B-44C8-B464-D75AC4438A39}.Debug|Any CPU.Build.0 = Debug|Any CPU
		{2DA27449-5A4B-44C8-B464-D75AC4438A39}.Release|Any CPU.ActiveCfg = Release|Any CPU
		{2DA27449-5A4B-44C8-B464-D75AC4438A39}.Release|Any CPU.Build.0 = Release|Any CPU
		{2D24ED1D-403D-4989-80EE-FCBE0D166264}.Debug|Any CPU.ActiveCfg = Debug|Any CPU
		{2D24ED1D-403D-4989-80EE-FCBE0D166264}.Debug|Any CPU.Build.0 = Debug|Any CPU
		{2D24ED1D-403D-4989-80EE-FCBE0D166264}.Release|Any CPU.ActiveCfg = Release|Any CPU
		{2D24ED1D-403D-4989-80EE-FCBE0D166264}.Release|Any CPU.Build.0 = Release|Any CPU
	EndGlobalSection
	GlobalSection(SolutionProperties) = preSolution
		HideSolutionNode = FALSE
	EndGlobalSection
	GlobalSection(ExtensibilityGlobals) = postSolution
		SolutionGuid = {59313299-CF09-428F-87A6-0C0B10064033}
	EndGlobalSection
EndGlobal
